
Microsoft Visual Studio Solution File, Format Version 12.00
# Visual Studio 15
VisualStudioVersion = 15.0.26430.6
MinimumVisualStudioVersion = 10.0.40219.1
Project("{8BC9CEB8-8B4A-11D0-8D11-00A0C91BC942}") = "Entry02", "Entry2\Entry2.vcxproj", "{0B3F959D-3A8B-4CD0-ADF4-9C631C5A65A8}"
EndProject
Project("{8BC9CEB8-8B4A-11D0-8D11-00A0C91BC942}") = "Exercise_28.02.17", "Exercise_28.02.17\Exercise_28.02.17.vcxproj", "{B8B40892-CD3C-4001-8492-744A9B0E8439}"
EndProject
Project("{8BC9CEB8-8B4A-11D0-8D11-00A0C91BC942}") = "Entry03", "Entry3\Entry3.vcxproj", "{DE2AE403-7AC8-4978-94A3-A2F66397A9A7}"
EndProject
Project("{8BC9CEB8-8B4A-11D0-8D11-00A0C91BC942}") = "Labs3Home", "Labs3Home\Labs3Home.vcxproj", "{AB6E504B-8BEA-4B38-9B62-AB91628738FA}"
EndProject
Project("{8BC9CEB8-8B4A-11D0-8D11-00A0C91BC942}") = "Files", "Files\Files.vcxproj", "{2043270E-3156-4712-854C-C5D7E88E74AC}"
EndProject
Project("{8BC9CEB8-8B4A-11D0-8D11-00A0C91BC942}") = "Entry04", "Entry4\Entry4.vcxproj", "{1E8B445E-316B-476D-8C56-E29EEB928FDE}"
EndProject
Project("{8BC9CEB8-8B4A-11D0-8D11-00A0C91BC942}") = "Caesar cipher", "Caesar cipher\Caesar cipher.vcxproj", "{6B19C359-F3EC-437C-A481-9294A703D92F}"
EndProject
Project("{8BC9CEB8-8B4A-11D0-8D11-00A0C91BC942}") = "DynamicAllocation", "DynamicAllocation\DynamicAllocation.vcxproj", "{E60B980C-0D6E-4052-A086-9365D8A7FA38}"
EndProject
Project("{8BC9CEB8-8B4A-11D0-8D11-00A0C91BC942}") = "Entry05", "Entry5\Entry5.vcxproj", "{41133A49-888F-4DDE-81FA-AB9D8FF832BC}"
EndProject
Project("{8BC9CEB8-8B4A-11D0-8D11-00A0C91BC942}") = "Labs5Home", "Lab5Home\Lab5Home.vcxproj", "{D78BF7EA-D479-42C9-BB1D-08A2A40F99A3}"
EndProject
Project("{8BC9CEB8-8B4A-11D0-8D11-00A0C91BC942}") = "Lists", "Lists\Lists.vcxproj", "{5ACA0D06-B2DC-46FB-8E05-46FFBA0E4C9F}"
EndProject
Project("{8BC9CEB8-8B4A-11D0-8D11-00A0C91BC942}") = "Entry06", "Entry6\Entry6.vcxproj", "{E665D37A-F8CA-4F6C-B524-4E7423646DB7}"
EndProject
Project("{8BC9CEB8-8B4A-11D0-8D11-00A0C91BC942}") = "Errors", "Errors\Errors.vcxproj", "{46B99CCB-EA8D-4974-A73B-6A1790724C0A}"
EndProject
Project("{8BC9CEB8-8B4A-11D0-8D11-00A0C91BC942}") = "Entry07", "Entry7\Entry7.vcxproj", "{784499C5-1DD6-4CE0-85EA-FBA8365585CA}"
EndProject
Project("{8BC9CEB8-8B4A-11D0-8D11-00A0C91BC942}") = "Time", "Time\Time.vcxproj", "{1BA36D91-1311-40E3-A0BD-DBF18E810FCA}"
EndProject
Project("{8BC9CEB8-8B4A-11D0-8D11-00A0C91BC942}") = "Typedef", "Various\Various.vcxproj", "{09E17DB8-26A7-4F39-B954-BF56652A09A1}"
EndProject
Project("{8BC9CEB8-8B4A-11D0-8D11-00A0C91BC942}") = "Entry08", "Entry8\Entry8.vcxproj", "{14B0C0EE-54CE-4FA7-B128-296CF83C185E}"
EndProject
Project("{8BC9CEB8-8B4A-11D0-8D11-00A0C91BC942}") = "Entry09", "Entry9\Entry9.vcxproj", "{D5C5313B-82E2-4DDC-9828-EDDBE84DE975}"
EndProject
Project("{8BC9CEB8-8B4A-11D0-8D11-00A0C91BC942}") = "DivideIntoFiles", "DivideIntoFiles\DivideIntoFiles.vcxproj", "{205C3FCB-150E-46F4-94D7-A1A144D57B0A}"
EndProject
Project("{8BC9CEB8-8B4A-11D0-8D11-00A0C91BC942}") = "Entry10", "Entry10\Entry10.vcxproj", "{24C58177-7431-4248-8BF2-148870C6E304}"
EndProject
Project("{8BC9CEB8-8B4A-11D0-8D11-00A0C91BC942}") = "Labs09Refactoring", "Labs09Refactoring\Labs09Refactoring.vcxproj", "{EC8EC3A9-4C5F-4334-B63C-47A1AB094D33}"
EndProject
Project("{8BC9CEB8-8B4A-11D0-8D11-00A0C91BC942}") = "Entry11", "Entry11\Entry11.vcxproj", "{04A9E047-847B-4362-9953-A8B3326034F7}"
EndProject
Project("{8BC9CEB8-8B4A-11D0-8D11-00A0C91BC942}") = "Labs10", "Labs10\Labs10.vcxproj", "{EC6C3CDB-6312-4A96-B1EB-8E7C6EC0CDB2}"
EndProject
Project("{8BC9CEB8-8B4A-11D0-8D11-00A0C91BC942}") = "Labs12z1Home", "Labs12z1Home\Labs12z1Home.vcxproj", "{F7C62F27-5242-4B8B-8EDB-924E44B1A8D9}"
EndProject
Project("{8BC9CEB8-8B4A-11D0-8D11-00A0C91BC942}") = "Entry12", "Entry12\Entry12.vcxproj", "{19C9B7CA-19C0-424F-819F-A3EE68CEAE35}"
EndProject
Project("{8BC9CEB8-8B4A-11D0-8D11-00A0C91BC942}") = "Labs12Home", "Labs12Home\Labs12Home.vcxproj", "{45C8E664-BAD9-483F-AD88-2EEF11C4FA37}"
EndProject
Project("{8BC9CEB8-8B4A-11D0-8D11-00A0C91BC942}") = "Entry13", "Entry13\Entry13.vcxproj", "{489725BC-845D-4932-A3BA-F2A06B7E2AB6}"
EndProject
Project("{8BC9CEB8-8B4A-11D0-8D11-00A0C91BC942}") = "Entry14", "Entry14\Entry14.vcxproj", "{EC0FA07D-0414-4237-BFBA-5D33338E8E7B}"
EndProject
Global
	GlobalSection(SolutionConfigurationPlatforms) = preSolution
		Debug|x64 = Debug|x64
		Debug|x86 = Debug|x86
		Release|x64 = Release|x64
		Release|x86 = Release|x86
	EndGlobalSection
	GlobalSection(ProjectConfigurationPlatforms) = postSolution
		{0B3F959D-3A8B-4CD0-ADF4-9C631C5A65A8}.Debug|x64.ActiveCfg = Debug|x64
		{0B3F959D-3A8B-4CD0-ADF4-9C631C5A65A8}.Debug|x64.Build.0 = Debug|x64
		{0B3F959D-3A8B-4CD0-ADF4-9C631C5A65A8}.Debug|x86.ActiveCfg = Debug|Win32
		{0B3F959D-3A8B-4CD0-ADF4-9C631C5A65A8}.Debug|x86.Build.0 = Debug|Win32
		{0B3F959D-3A8B-4CD0-ADF4-9C631C5A65A8}.Release|x64.ActiveCfg = Release|x64
		{0B3F959D-3A8B-4CD0-ADF4-9C631C5A65A8}.Release|x64.Build.0 = Release|x64
		{0B3F959D-3A8B-4CD0-ADF4-9C631C5A65A8}.Release|x86.ActiveCfg = Release|Win32
		{0B3F959D-3A8B-4CD0-ADF4-9C631C5A65A8}.Release|x86.Build.0 = Release|Win32
		{B8B40892-CD3C-4001-8492-744A9B0E8439}.Debug|x64.ActiveCfg = Debug|x64
		{B8B40892-CD3C-4001-8492-744A9B0E8439}.Debug|x64.Build.0 = Debug|x64
		{B8B40892-CD3C-4001-8492-744A9B0E8439}.Debug|x86.ActiveCfg = Debug|Win32
		{B8B40892-CD3C-4001-8492-744A9B0E8439}.Debug|x86.Build.0 = Debug|Win32
		{B8B40892-CD3C-4001-8492-744A9B0E8439}.Release|x64.ActiveCfg = Release|x64
		{B8B40892-CD3C-4001-8492-744A9B0E8439}.Release|x64.Build.0 = Release|x64
		{B8B40892-CD3C-4001-8492-744A9B0E8439}.Release|x86.ActiveCfg = Release|Win32
		{B8B40892-CD3C-4001-8492-744A9B0E8439}.Release|x86.Build.0 = Release|Win32
		{DE2AE403-7AC8-4978-94A3-A2F66397A9A7}.Debug|x64.ActiveCfg = Debug|x64
		{DE2AE403-7AC8-4978-94A3-A2F66397A9A7}.Debug|x64.Build.0 = Debug|x64
		{DE2AE403-7AC8-4978-94A3-A2F66397A9A7}.Debug|x86.ActiveCfg = Debug|Win32
		{DE2AE403-7AC8-4978-94A3-A2F66397A9A7}.Debug|x86.Build.0 = Debug|Win32
		{DE2AE403-7AC8-4978-94A3-A2F66397A9A7}.Release|x64.ActiveCfg = Release|x64
		{DE2AE403-7AC8-4978-94A3-A2F66397A9A7}.Release|x64.Build.0 = Release|x64
		{DE2AE403-7AC8-4978-94A3-A2F66397A9A7}.Release|x86.ActiveCfg = Release|Win32
		{DE2AE403-7AC8-4978-94A3-A2F66397A9A7}.Release|x86.Build.0 = Release|Win32
		{AB6E504B-8BEA-4B38-9B62-AB91628738FA}.Debug|x64.ActiveCfg = Debug|x64
		{AB6E504B-8BEA-4B38-9B62-AB91628738FA}.Debug|x64.Build.0 = Debug|x64
		{AB6E504B-8BEA-4B38-9B62-AB91628738FA}.Debug|x86.ActiveCfg = Debug|Win32
		{AB6E504B-8BEA-4B38-9B62-AB91628738FA}.Debug|x86.Build.0 = Debug|Win32
		{AB6E504B-8BEA-4B38-9B62-AB91628738FA}.Release|x64.ActiveCfg = Release|x64
		{AB6E504B-8BEA-4B38-9B62-AB91628738FA}.Release|x64.Build.0 = Release|x64
		{AB6E504B-8BEA-4B38-9B62-AB91628738FA}.Release|x86.ActiveCfg = Release|Win32
		{AB6E504B-8BEA-4B38-9B62-AB91628738FA}.Release|x86.Build.0 = Release|Win32
		{2043270E-3156-4712-854C-C5D7E88E74AC}.Debug|x64.ActiveCfg = Debug|x64
		{2043270E-3156-4712-854C-C5D7E88E74AC}.Debug|x64.Build.0 = Debug|x64
		{2043270E-3156-4712-854C-C5D7E88E74AC}.Debug|x86.ActiveCfg = Debug|Win32
		{2043270E-3156-4712-854C-C5D7E88E74AC}.Debug|x86.Build.0 = Debug|Win32
		{2043270E-3156-4712-854C-C5D7E88E74AC}.Release|x64.ActiveCfg = Release|x64
		{2043270E-3156-4712-854C-C5D7E88E74AC}.Release|x64.Build.0 = Release|x64
		{2043270E-3156-4712-854C-C5D7E88E74AC}.Release|x86.ActiveCfg = Release|Win32
		{2043270E-3156-4712-854C-C5D7E88E74AC}.Release|x86.Build.0 = Release|Win32
		{1E8B445E-316B-476D-8C56-E29EEB928FDE}.Debug|x64.ActiveCfg = Debug|x64
		{1E8B445E-316B-476D-8C56-E29EEB928FDE}.Debug|x64.Build.0 = Debug|x64
		{1E8B445E-316B-476D-8C56-E29EEB928FDE}.Debug|x86.ActiveCfg = Debug|Win32
		{1E8B445E-316B-476D-8C56-E29EEB928FDE}.Debug|x86.Build.0 = Debug|Win32
		{1E8B445E-316B-476D-8C56-E29EEB928FDE}.Release|x64.ActiveCfg = Release|x64
		{1E8B445E-316B-476D-8C56-E29EEB928FDE}.Release|x64.Build.0 = Release|x64
		{1E8B445E-316B-476D-8C56-E29EEB928FDE}.Release|x86.ActiveCfg = Release|Win32
		{1E8B445E-316B-476D-8C56-E29EEB928FDE}.Release|x86.Build.0 = Release|Win32
		{6B19C359-F3EC-437C-A481-9294A703D92F}.Debug|x64.ActiveCfg = Debug|x64
		{6B19C359-F3EC-437C-A481-9294A703D92F}.Debug|x64.Build.0 = Debug|x64
		{6B19C359-F3EC-437C-A481-9294A703D92F}.Debug|x86.ActiveCfg = Debug|Win32
		{6B19C359-F3EC-437C-A481-9294A703D92F}.Debug|x86.Build.0 = Debug|Win32
		{6B19C359-F3EC-437C-A481-9294A703D92F}.Release|x64.ActiveCfg = Release|x64
		{6B19C359-F3EC-437C-A481-9294A703D92F}.Release|x64.Build.0 = Release|x64
		{6B19C359-F3EC-437C-A481-9294A703D92F}.Release|x86.ActiveCfg = Release|Win32
		{6B19C359-F3EC-437C-A481-9294A703D92F}.Release|x86.Build.0 = Release|Win32
		{E60B980C-0D6E-4052-A086-9365D8A7FA38}.Debug|x64.ActiveCfg = Debug|x64
		{E60B980C-0D6E-4052-A086-9365D8A7FA38}.Debug|x64.Build.0 = Debug|x64
		{E60B980C-0D6E-4052-A086-9365D8A7FA38}.Debug|x86.ActiveCfg = Debug|Win32
		{E60B980C-0D6E-4052-A086-9365D8A7FA38}.Debug|x86.Build.0 = Debug|Win32
		{E60B980C-0D6E-4052-A086-9365D8A7FA38}.Release|x64.ActiveCfg = Release|x64
		{E60B980C-0D6E-4052-A086-9365D8A7FA38}.Release|x64.Build.0 = Release|x64
		{E60B980C-0D6E-4052-A086-9365D8A7FA38}.Release|x86.ActiveCfg = Release|Win32
		{E60B980C-0D6E-4052-A086-9365D8A7FA38}.Release|x86.Build.0 = Release|Win32
		{41133A49-888F-4DDE-81FA-AB9D8FF832BC}.Debug|x64.ActiveCfg = Debug|x64
		{41133A49-888F-4DDE-81FA-AB9D8FF832BC}.Debug|x64.Build.0 = Debug|x64
		{41133A49-888F-4DDE-81FA-AB9D8FF832BC}.Debug|x86.ActiveCfg = Debug|Win32
		{41133A49-888F-4DDE-81FA-AB9D8FF832BC}.Debug|x86.Build.0 = Debug|Win32
		{41133A49-888F-4DDE-81FA-AB9D8FF832BC}.Release|x64.ActiveCfg = Release|x64
		{41133A49-888F-4DDE-81FA-AB9D8FF832BC}.Release|x64.Build.0 = Release|x64
		{41133A49-888F-4DDE-81FA-AB9D8FF832BC}.Release|x86.ActiveCfg = Release|Win32
		{41133A49-888F-4DDE-81FA-AB9D8FF832BC}.Release|x86.Build.0 = Release|Win32
		{D78BF7EA-D479-42C9-BB1D-08A2A40F99A3}.Debug|x64.ActiveCfg = Debug|x64
		{D78BF7EA-D479-42C9-BB1D-08A2A40F99A3}.Debug|x64.Build.0 = Debug|x64
		{D78BF7EA-D479-42C9-BB1D-08A2A40F99A3}.Debug|x86.ActiveCfg = Debug|Win32
		{D78BF7EA-D479-42C9-BB1D-08A2A40F99A3}.Debug|x86.Build.0 = Debug|Win32
		{D78BF7EA-D479-42C9-BB1D-08A2A40F99A3}.Release|x64.ActiveCfg = Release|x64
		{D78BF7EA-D479-42C9-BB1D-08A2A40F99A3}.Release|x64.Build.0 = Release|x64
		{D78BF7EA-D479-42C9-BB1D-08A2A40F99A3}.Release|x86.ActiveCfg = Release|Win32
		{D78BF7EA-D479-42C9-BB1D-08A2A40F99A3}.Release|x86.Build.0 = Release|Win32
		{5ACA0D06-B2DC-46FB-8E05-46FFBA0E4C9F}.Debug|x64.ActiveCfg = Debug|x64
		{5ACA0D06-B2DC-46FB-8E05-46FFBA0E4C9F}.Debug|x64.Build.0 = Debug|x64
		{5ACA0D06-B2DC-46FB-8E05-46FFBA0E4C9F}.Debug|x86.ActiveCfg = Debug|Win32
		{5ACA0D06-B2DC-46FB-8E05-46FFBA0E4C9F}.Debug|x86.Build.0 = Debug|Win32
		{5ACA0D06-B2DC-46FB-8E05-46FFBA0E4C9F}.Release|x64.ActiveCfg = Release|x64
		{5ACA0D06-B2DC-46FB-8E05-46FFBA0E4C9F}.Release|x64.Build.0 = Release|x64
		{5ACA0D06-B2DC-46FB-8E05-46FFBA0E4C9F}.Release|x86.ActiveCfg = Release|Win32
		{5ACA0D06-B2DC-46FB-8E05-46FFBA0E4C9F}.Release|x86.Build.0 = Release|Win32
		{E665D37A-F8CA-4F6C-B524-4E7423646DB7}.Debug|x64.ActiveCfg = Debug|x64
		{E665D37A-F8CA-4F6C-B524-4E7423646DB7}.Debug|x64.Build.0 = Debug|x64
		{E665D37A-F8CA-4F6C-B524-4E7423646DB7}.Debug|x86.ActiveCfg = Debug|Win32
		{E665D37A-F8CA-4F6C-B524-4E7423646DB7}.Debug|x86.Build.0 = Debug|Win32
		{E665D37A-F8CA-4F6C-B524-4E7423646DB7}.Release|x64.ActiveCfg = Release|x64
		{E665D37A-F8CA-4F6C-B524-4E7423646DB7}.Release|x64.Build.0 = Release|x64
		{E665D37A-F8CA-4F6C-B524-4E7423646DB7}.Release|x86.ActiveCfg = Release|Win32
		{E665D37A-F8CA-4F6C-B524-4E7423646DB7}.Release|x86.Build.0 = Release|Win32
		{46B99CCB-EA8D-4974-A73B-6A1790724C0A}.Debug|x64.ActiveCfg = Debug|x64
		{46B99CCB-EA8D-4974-A73B-6A1790724C0A}.Debug|x64.Build.0 = Debug|x64
		{46B99CCB-EA8D-4974-A73B-6A1790724C0A}.Debug|x86.ActiveCfg = Debug|Win32
		{46B99CCB-EA8D-4974-A73B-6A1790724C0A}.Debug|x86.Build.0 = Debug|Win32
		{46B99CCB-EA8D-4974-A73B-6A1790724C0A}.Release|x64.ActiveCfg = Release|x64
		{46B99CCB-EA8D-4974-A73B-6A1790724C0A}.Release|x64.Build.0 = Release|x64
		{46B99CCB-EA8D-4974-A73B-6A1790724C0A}.Release|x86.ActiveCfg = Release|Win32
		{46B99CCB-EA8D-4974-A73B-6A1790724C0A}.Release|x86.Build.0 = Release|Win32
		{784499C5-1DD6-4CE0-85EA-FBA8365585CA}.Debug|x64.ActiveCfg = Debug|x64
		{784499C5-1DD6-4CE0-85EA-FBA8365585CA}.Debug|x64.Build.0 = Debug|x64
		{784499C5-1DD6-4CE0-85EA-FBA8365585CA}.Debug|x86.ActiveCfg = Debug|Win32
		{784499C5-1DD6-4CE0-85EA-FBA8365585CA}.Debug|x86.Build.0 = Debug|Win32
		{784499C5-1DD6-4CE0-85EA-FBA8365585CA}.Release|x64.ActiveCfg = Release|x64
		{784499C5-1DD6-4CE0-85EA-FBA8365585CA}.Release|x64.Build.0 = Release|x64
		{784499C5-1DD6-4CE0-85EA-FBA8365585CA}.Release|x86.ActiveCfg = Release|Win32
		{784499C5-1DD6-4CE0-85EA-FBA8365585CA}.Release|x86.Build.0 = Release|Win32
		{1BA36D91-1311-40E3-A0BD-DBF18E810FCA}.Debug|x64.ActiveCfg = Debug|x64
		{1BA36D91-1311-40E3-A0BD-DBF18E810FCA}.Debug|x64.Build.0 = Debug|x64
		{1BA36D91-1311-40E3-A0BD-DBF18E810FCA}.Debug|x86.ActiveCfg = Debug|Win32
		{1BA36D91-1311-40E3-A0BD-DBF18E810FCA}.Debug|x86.Build.0 = Debug|Win32
		{1BA36D91-1311-40E3-A0BD-DBF18E810FCA}.Release|x64.ActiveCfg = Release|x64
		{1BA36D91-1311-40E3-A0BD-DBF18E810FCA}.Release|x64.Build.0 = Release|x64
		{1BA36D91-1311-40E3-A0BD-DBF18E810FCA}.Release|x86.ActiveCfg = Release|Win32
		{1BA36D91-1311-40E3-A0BD-DBF18E810FCA}.Release|x86.Build.0 = Release|Win32
		{09E17DB8-26A7-4F39-B954-BF56652A09A1}.Debug|x64.ActiveCfg = Debug|x64
		{09E17DB8-26A7-4F39-B954-BF56652A09A1}.Debug|x64.Build.0 = Debug|x64
		{09E17DB8-26A7-4F39-B954-BF56652A09A1}.Debug|x86.ActiveCfg = Debug|Win32
		{09E17DB8-26A7-4F39-B954-BF56652A09A1}.Debug|x86.Build.0 = Debug|Win32
		{09E17DB8-26A7-4F39-B954-BF56652A09A1}.Release|x64.ActiveCfg = Release|x64
		{09E17DB8-26A7-4F39-B954-BF56652A09A1}.Release|x64.Build.0 = Release|x64
		{09E17DB8-26A7-4F39-B954-BF56652A09A1}.Release|x86.ActiveCfg = Release|Win32
		{09E17DB8-26A7-4F39-B954-BF56652A09A1}.Release|x86.Build.0 = Release|Win32
		{14B0C0EE-54CE-4FA7-B128-296CF83C185E}.Debug|x64.ActiveCfg = Debug|x64
		{14B0C0EE-54CE-4FA7-B128-296CF83C185E}.Debug|x64.Build.0 = Debug|x64
		{14B0C0EE-54CE-4FA7-B128-296CF83C185E}.Debug|x86.ActiveCfg = Debug|Win32
		{14B0C0EE-54CE-4FA7-B128-296CF83C185E}.Debug|x86.Build.0 = Debug|Win32
		{14B0C0EE-54CE-4FA7-B128-296CF83C185E}.Release|x64.ActiveCfg = Release|x64
		{14B0C0EE-54CE-4FA7-B128-296CF83C185E}.Release|x64.Build.0 = Release|x64
		{14B0C0EE-54CE-4FA7-B128-296CF83C185E}.Release|x86.ActiveCfg = Release|Win32
		{14B0C0EE-54CE-4FA7-B128-296CF83C185E}.Release|x86.Build.0 = Release|Win32
		{D5C5313B-82E2-4DDC-9828-EDDBE84DE975}.Debug|x64.ActiveCfg = Debug|x64
		{D5C5313B-82E2-4DDC-9828-EDDBE84DE975}.Debug|x64.Build.0 = Debug|x64
		{D5C5313B-82E2-4DDC-9828-EDDBE84DE975}.Debug|x86.ActiveCfg = Debug|Win32
		{D5C5313B-82E2-4DDC-9828-EDDBE84DE975}.Debug|x86.Build.0 = Debug|Win32
		{D5C5313B-82E2-4DDC-9828-EDDBE84DE975}.Release|x64.ActiveCfg = Release|x64
		{D5C5313B-82E2-4DDC-9828-EDDBE84DE975}.Release|x64.Build.0 = Release|x64
		{D5C5313B-82E2-4DDC-9828-EDDBE84DE975}.Release|x86.ActiveCfg = Release|Win32
		{D5C5313B-82E2-4DDC-9828-EDDBE84DE975}.Release|x86.Build.0 = Release|Win32
		{205C3FCB-150E-46F4-94D7-A1A144D57B0A}.Debug|x64.ActiveCfg = Debug|x64
		{205C3FCB-150E-46F4-94D7-A1A144D57B0A}.Debug|x64.Build.0 = Debug|x64
		{205C3FCB-150E-46F4-94D7-A1A144D57B0A}.Debug|x86.ActiveCfg = Debug|Win32
		{205C3FCB-150E-46F4-94D7-A1A144D57B0A}.Debug|x86.Build.0 = Debug|Win32
		{205C3FCB-150E-46F4-94D7-A1A144D57B0A}.Release|x64.ActiveCfg = Release|x64
		{205C3FCB-150E-46F4-94D7-A1A144D57B0A}.Release|x64.Build.0 = Release|x64
		{205C3FCB-150E-46F4-94D7-A1A144D57B0A}.Release|x86.ActiveCfg = Release|Win32
		{205C3FCB-150E-46F4-94D7-A1A144D57B0A}.Release|x86.Build.0 = Release|Win32
		{24C58177-7431-4248-8BF2-148870C6E304}.Debug|x64.ActiveCfg = Debug|x64
		{24C58177-7431-4248-8BF2-148870C6E304}.Debug|x64.Build.0 = Debug|x64
		{24C58177-7431-4248-8BF2-148870C6E304}.Debug|x86.ActiveCfg = Debug|Win32
		{24C58177-7431-4248-8BF2-148870C6E304}.Debug|x86.Build.0 = Debug|Win32
		{24C58177-7431-4248-8BF2-148870C6E304}.Release|x64.ActiveCfg = Release|x64
		{24C58177-7431-4248-8BF2-148870C6E304}.Release|x64.Build.0 = Release|x64
		{24C58177-7431-4248-8BF2-148870C6E304}.Release|x86.ActiveCfg = Release|Win32
		{24C58177-7431-4248-8BF2-148870C6E304}.Release|x86.Build.0 = Release|Win32
		{EC8EC3A9-4C5F-4334-B63C-47A1AB094D33}.Debug|x64.ActiveCfg = Debug|x64
		{EC8EC3A9-4C5F-4334-B63C-47A1AB094D33}.Debug|x64.Build.0 = Debug|x64
		{EC8EC3A9-4C5F-4334-B63C-47A1AB094D33}.Debug|x86.ActiveCfg = Debug|Win32
		{EC8EC3A9-4C5F-4334-B63C-47A1AB094D33}.Debug|x86.Build.0 = Debug|Win32
		{EC8EC3A9-4C5F-4334-B63C-47A1AB094D33}.Release|x64.ActiveCfg = Release|x64
		{EC8EC3A9-4C5F-4334-B63C-47A1AB094D33}.Release|x64.Build.0 = Release|x64
		{EC8EC3A9-4C5F-4334-B63C-47A1AB094D33}.Release|x86.ActiveCfg = Release|Win32
		{EC8EC3A9-4C5F-4334-B63C-47A1AB094D33}.Release|x86.Build.0 = Release|Win32
		{04A9E047-847B-4362-9953-A8B3326034F7}.Debug|x64.ActiveCfg = Debug|x64
		{04A9E047-847B-4362-9953-A8B3326034F7}.Debug|x64.Build.0 = Debug|x64
		{04A9E047-847B-4362-9953-A8B3326034F7}.Debug|x86.ActiveCfg = Debug|Win32
		{04A9E047-847B-4362-9953-A8B3326034F7}.Debug|x86.Build.0 = Debug|Win32
		{04A9E047-847B-4362-9953-A8B3326034F7}.Release|x64.ActiveCfg = Release|x64
		{04A9E047-847B-4362-9953-A8B3326034F7}.Release|x64.Build.0 = Release|x64
		{04A9E047-847B-4362-9953-A8B3326034F7}.Release|x86.ActiveCfg = Release|Win32
		{04A9E047-847B-4362-9953-A8B3326034F7}.Release|x86.Build.0 = Release|Win32
		{EC6C3CDB-6312-4A96-B1EB-8E7C6EC0CDB2}.Debug|x64.ActiveCfg = Debug|x64
		{EC6C3CDB-6312-4A96-B1EB-8E7C6EC0CDB2}.Debug|x64.Build.0 = Debug|x64
		{EC6C3CDB-6312-4A96-B1EB-8E7C6EC0CDB2}.Debug|x86.ActiveCfg = Debug|Win32
		{EC6C3CDB-6312-4A96-B1EB-8E7C6EC0CDB2}.Debug|x86.Build.0 = Debug|Win32
		{EC6C3CDB-6312-4A96-B1EB-8E7C6EC0CDB2}.Release|x64.ActiveCfg = Release|x64
		{EC6C3CDB-6312-4A96-B1EB-8E7C6EC0CDB2}.Release|x64.Build.0 = Release|x64
		{EC6C3CDB-6312-4A96-B1EB-8E7C6EC0CDB2}.Release|x86.ActiveCfg = Release|Win32
		{EC6C3CDB-6312-4A96-B1EB-8E7C6EC0CDB2}.Release|x86.Build.0 = Release|Win32
		{F7C62F27-5242-4B8B-8EDB-924E44B1A8D9}.Debug|x64.ActiveCfg = Debug|x64
		{F7C62F27-5242-4B8B-8EDB-924E44B1A8D9}.Debug|x64.Build.0 = Debug|x64
		{F7C62F27-5242-4B8B-8EDB-924E44B1A8D9}.Debug|x86.ActiveCfg = Debug|Win32
		{F7C62F27-5242-4B8B-8EDB-924E44B1A8D9}.Debug|x86.Build.0 = Debug|Win32
		{F7C62F27-5242-4B8B-8EDB-924E44B1A8D9}.Release|x64.ActiveCfg = Release|x64
		{F7C62F27-5242-4B8B-8EDB-924E44B1A8D9}.Release|x64.Build.0 = Release|x64
		{F7C62F27-5242-4B8B-8EDB-924E44B1A8D9}.Release|x86.ActiveCfg = Release|Win32
		{F7C62F27-5242-4B8B-8EDB-924E44B1A8D9}.Release|x86.Build.0 = Release|Win32
		{19C9B7CA-19C0-424F-819F-A3EE68CEAE35}.Debug|x64.ActiveCfg = Debug|x64
		{19C9B7CA-19C0-424F-819F-A3EE68CEAE35}.Debug|x64.Build.0 = Debug|x64
		{19C9B7CA-19C0-424F-819F-A3EE68CEAE35}.Debug|x86.ActiveCfg = Debug|Win32
		{19C9B7CA-19C0-424F-819F-A3EE68CEAE35}.Debug|x86.Build.0 = Debug|Win32
		{19C9B7CA-19C0-424F-819F-A3EE68CEAE35}.Release|x64.ActiveCfg = Release|x64
		{19C9B7CA-19C0-424F-819F-A3EE68CEAE35}.Release|x64.Build.0 = Release|x64
		{19C9B7CA-19C0-424F-819F-A3EE68CEAE35}.Release|x86.ActiveCfg = Release|Win32
		{19C9B7CA-19C0-424F-819F-A3EE68CEAE35}.Release|x86.Build.0 = Release|Win32
		{45C8E664-BAD9-483F-AD88-2EEF11C4FA37}.Debug|x64.ActiveCfg = Debug|x64
		{45C8E664-BAD9-483F-AD88-2EEF11C4FA37}.Debug|x64.Build.0 = Debug|x64
		{45C8E664-BAD9-483F-AD88-2EEF11C4FA37}.Debug|x86.ActiveCfg = Debug|Win32
		{45C8E664-BAD9-483F-AD88-2EEF11C4FA37}.Debug|x86.Build.0 = Debug|Win32
		{45C8E664-BAD9-483F-AD88-2EEF11C4FA37}.Release|x64.ActiveCfg = Release|x64
		{45C8E664-BAD9-483F-AD88-2EEF11C4FA37}.Release|x64.Build.0 = Release|x64
		{45C8E664-BAD9-483F-AD88-2EEF11C4FA37}.Release|x86.ActiveCfg = Release|Win32
		{45C8E664-BAD9-483F-AD88-2EEF11C4FA37}.Release|x86.Build.0 = Release|Win32
		{489725BC-845D-4932-A3BA-F2A06B7E2AB6}.Debug|x64.ActiveCfg = Debug|x64
		{489725BC-845D-4932-A3BA-F2A06B7E2AB6}.Debug|x64.Build.0 = Debug|x64
		{489725BC-845D-4932-A3BA-F2A06B7E2AB6}.Debug|x86.ActiveCfg = Debug|Win32
		{489725BC-845D-4932-A3BA-F2A06B7E2AB6}.Debug|x86.Build.0 = Debug|Win32
		{489725BC-845D-4932-A3BA-F2A06B7E2AB6}.Release|x64.ActiveCfg = Release|x64
		{489725BC-845D-4932-A3BA-F2A06B7E2AB6}.Release|x64.Build.0 = Release|x64
		{489725BC-845D-4932-A3BA-F2A06B7E2AB6}.Release|x86.ActiveCfg = Release|Win32
		{489725BC-845D-4932-A3BA-F2A06B7E2AB6}.Release|x86.Build.0 = Release|Win32
		{EC0FA07D-0414-4237-BFBA-5D33338E8E7B}.Debug|x64.ActiveCfg = Debug|x64
		{EC0FA07D-0414-4237-BFBA-5D33338E8E7B}.Debug|x64.Build.0 = Debug|x64
		{EC0FA07D-0414-4237-BFBA-5D33338E8E7B}.Debug|x86.ActiveCfg = Debug|Win32
		{EC0FA07D-0414-4237-BFBA-5D33338E8E7B}.Debug|x86.Build.0 = Debug|Win32
		{EC0FA07D-0414-4237-BFBA-5D33338E8E7B}.Release|x64.ActiveCfg = Release|x64
		{EC0FA07D-0414-4237-BFBA-5D33338E8E7B}.Release|x64.Build.0 = Release|x64
		{EC0FA07D-0414-4237-BFBA-5D33338E8E7B}.Release|x86.ActiveCfg = Release|Win32
		{EC0FA07D-0414-4237-BFBA-5D33338E8E7B}.Release|x86.Build.0 = Release|Win32
	EndGlobalSection
	GlobalSection(SolutionProperties) = preSolution
		HideSolutionNode = FALSE
	EndGlobalSection
EndGlobal
